
Microsoft Visual Studio Solution File, Format Version 12.00
# Visual Studio Version 16
VisualStudioVersion = 16.0.30523.141
MinimumVisualStudioVersion = 10.0.40219.1
Project("{FAE04EC0-301F-11D3-BF4B-00C04F79EFBC}") = "AutoShow", "AutoShow\AutoShow.csproj", "{ED17176D-0E4B-438A-867F-818FD23B233D}"
EndProject
Project("{FAE04EC0-301F-11D3-BF4B-00C04F79EFBC}") = "DAL", "DAL\DAL.csproj", "{BF284D27-3166-4137-8924-85B4E44BF9B1}"
EndProject
Global
	GlobalSection(SolutionConfigurationPlatforms) = preSolution
		Debug|Any CPU = Debug|Any CPU
		Release|Any CPU = Release|Any CPU
	EndGlobalSection
	GlobalSection(ProjectConfigurationPlatforms) = postSolution
		{ED17176D-0E4B-438A-867F-818FD23B233D}.Debug|Any CPU.ActiveCfg = Debug|Any CPU
		{ED17176D-0E4B-438A-867F-818FD23B233D}.Debug|Any CPU.Build.0 = Debug|Any CPU
		{ED17176D-0E4B-438A-867F-818FD23B233D}.Release|Any CPU.ActiveCfg = Release|Any CPU
		{ED17176D-0E4B-438A-867F-818FD23B233D}.Release|Any CPU.Build.0 = Release|Any CPU
		{BF284D27-3166-4137-8924-85B4E44BF9B1}.Debug|Any CPU.ActiveCfg = Debug|Any CPU
		{BF284D27-3166-4137-8924-85B4E44BF9B1}.Debug|Any CPU.Build.0 = Debug|Any CPU
		{BF284D27-3166-4137-8924-85B4E44BF9B1}.Release|Any CPU.ActiveCfg = Release|Any CPU
		{BF284D27-3166-4137-8924-85B4E44BF9B1}.Release|Any CPU.Build.0 = Release|Any CPU
	EndGlobalSection
	GlobalSection(SolutionProperties) = preSolution
		HideSolutionNode = FALSE
	EndGlobalSection
	GlobalSection(ExtensibilityGlobals) = postSolution
		SolutionGuid = {B42A5F86-413F-4BEB-BC0B-6FD5A5A86D60}
	EndGlobalSection
EndGlobal
